
Microsoft Visual Studio Solution File, Format Version 12.00
# Visual Studio Version 16
VisualStudioVersion = 16.0.31424.327
MinimumVisualStudioVersion = 10.0.40219.1
Project("{FAE04EC0-301F-11D3-BF4B-00C04F79EFBC}") = "Bank1", "Bank1\Bank1.csproj", "{5B15C7FC-E8C9-4AC2-9681-175DDD088805}"
EndProject
Project("{FAE04EC0-301F-11D3-BF4B-00C04F79EFBC}") = "TestBank", "TestBank\TestBank.csproj", "{86A733E4-8328-48F4-A6E4-86D224669C77}"
EndProject
Global
	GlobalSection(SolutionConfigurationPlatforms) = preSolution
		Debug|Any CPU = Debug|Any CPU
		Release|Any CPU = Release|Any CPU
	EndGlobalSection
	GlobalSection(ProjectConfigurationPlatforms) = postSolution
		{5B15C7FC-E8C9-4AC2-9681-175DDD088805}.Debug|Any CPU.ActiveCfg = Debug|Any CPU
		{5B15C7FC-E8C9-4AC2-9681-175DDD088805}.Debug|Any CPU.Build.0 = Debug|Any CPU
		{5B15C7FC-E8C9-4AC2-9681-175DDD088805}.Release|Any CPU.ActiveCfg = Release|Any CPU
		{5B15C7FC-E8C9-4AC2-9681-175DDD088805}.Release|Any CPU.Build.0 = Release|Any CPU
		{86A733E4-8328-48F4-A6E4-86D224669C77}.Debug|Any CPU.ActiveCfg = Debug|Any CPU
		{86A733E4-8328-48F4-A6E4-86D224669C77}.Debug|Any CPU.Build.0 = Debug|Any CPU
		{86A733E4-8328-48F4-A6E4-86D224669C77}.Release|Any CPU.ActiveCfg = Release|Any CPU
		{86A733E4-8328-48F4-A6E4-86D224669C77}.Release|Any CPU.Build.0 = Release|Any CPU
	EndGlobalSection
	GlobalSection(SolutionProperties) = preSolution
		HideSolutionNode = FALSE
	EndGlobalSection
	GlobalSection(ExtensibilityGlobals) = postSolution
		SolutionGuid = {3D3E2E62-CD65-4A49-ADF9-60E7B8E4252D}
	EndGlobalSection
EndGlobal
